// !$*UTF8*$!
{
	archiveVersion = 1;
	classes = {
	};
	objectVersion = 50;
	objects = {

/* Begin PBXBuildFile section */
		AA72A92F22F60930006688A2 /* DetailViewController.swift in Sources */ = {isa = PBXBuildFile; fileRef = AA72A92E22F60930006688A2 /* DetailViewController.swift */; };
		AA72A93122F60998006688A2 /* AddItemViewController.swift in Sources */ = {isa = PBXBuildFile; fileRef = AA72A93022F60998006688A2 /* AddItemViewController.swift */; };
		AA72A93322F60B57006688A2 /* ListViewController.swift in Sources */ = {isa = PBXBuildFile; fileRef = AA72A93222F60B57006688A2 /* ListViewController.swift */; };
		AAD4881722F4CB8C001AEE7B /* AppDelegate.swift in Sources */ = {isa = PBXBuildFile; fileRef = AAD4881622F4CB8C001AEE7B /* AppDelegate.swift */; };
		AAD4881922F4CB8C001AEE7B /* MainNavigationViewController.swift in Sources */ = {isa = PBXBuildFile; fileRef = AAD4881822F4CB8C001AEE7B /* MainNavigationViewController.swift */; };
		AAD4881B22F4CB8C001AEE7B /* SecondViewController.swift in Sources */ = {isa = PBXBuildFile; fileRef = AAD4881A22F4CB8C001AEE7B /* SecondViewController.swift */; };
		AAD4882022F4CB8E001AEE7B /* Assets.xcassets in Resources */ = {isa = PBXBuildFile; fileRef = AAD4881F22F4CB8E001AEE7B /* Assets.xcassets */; };
		AAD4882322F4CB8E001AEE7B /* LaunchScreen.storyboard in Resources */ = {isa = PBXBuildFile; fileRef = AAD4882122F4CB8E001AEE7B /* LaunchScreen.storyboard */; };
		AAD4882E22F4CB8F001AEE7B /* ToDoListTests.swift in Sources */ = {isa = PBXBuildFile; fileRef = AAD4882D22F4CB8F001AEE7B /* ToDoListTests.swift */; };
		AAD4883922F4CB8F001AEE7B /* ToDoListUITests.swift in Sources */ = {isa = PBXBuildFile; fileRef = AAD4883822F4CB8F001AEE7B /* ToDoListUITests.swift */; };
/* End PBXBuildFile section */

/* Begin PBXContainerItemProxy section */
		AAD4882A22F4CB8F001AEE7B /* PBXContainerItemProxy */ = {
			isa = PBXContainerItemProxy;
			containerPortal = AAD4880B22F4CB8C001AEE7B /* Project object */;
			proxyType = 1;
			remoteGlobalIDString = AAD4881222F4CB8C001AEE7B;
			remoteInfo = ToDoList;
		};
		AAD4883522F4CB8F001AEE7B /* PBXContainerItemProxy */ = {
			isa = PBXContainerItemProxy;
			containerPortal = AAD4880B22F4CB8C001AEE7B /* Project object */;
			proxyType = 1;
			remoteGlobalIDString = AAD4881222F4CB8C001AEE7B;
			remoteInfo = ToDoList;
		};
/* End PBXContainerItemProxy section */

/* Begin PBXFileReference section */
		AA72A92E22F60930006688A2 /* DetailViewController.swift */ = {isa = PBXFileReference; lastKnownFileType = sourcecode.swift; path = DetailViewController.swift; sourceTree = "<group>"; };
		AA72A93022F60998006688A2 /* AddItemViewController.swift */ = {isa = PBXFileReference; lastKnownFileType = sourcecode.swift; path = AddItemViewController.swift; sourceTree = "<group>"; };
		AA72A93222F60B57006688A2 /* ListViewController.swift */ = {isa = PBXFileReference; lastKnownFileType = sourcecode.swift; path = ListViewController.swift; sourceTree = "<group>"; };
		AAD4881322F4CB8C001AEE7B /* ToDoList.app */ = {isa = PBXFileReference; explicitFileType = wrapper.application; includeInIndex = 0; path = ToDoList.app; sourceTree = BUILT_PRODUCTS_DIR; };
		AAD4881622F4CB8C001AEE7B /* AppDelegate.swift */ = {isa = PBXFileReference; lastKnownFileType = sourcecode.swift; path = AppDelegate.swift; sourceTree = "<group>"; };
		AAD4881822F4CB8C001AEE7B /* MainNavigationViewController.swift */ = {isa = PBXFileReference; lastKnownFileType = sourcecode.swift; path = MainNavigationViewController.swift; sourceTree = "<group>"; };
		AAD4881A22F4CB8C001AEE7B /* SecondViewController.swift */ = {isa = PBXFileReference; lastKnownFileType = sourcecode.swift; path = SecondViewController.swift; sourceTree = "<group>"; };
		AAD4881F22F4CB8E001AEE7B /* Assets.xcassets */ = {isa = PBXFileReference; lastKnownFileType = folder.assetcatalog; path = Assets.xcassets; sourceTree = "<group>"; };
		AAD4882222F4CB8E001AEE7B /* Base */ = {isa = PBXFileReference; lastKnownFileType = file.storyboard; name = Base; path = Base.lproj/LaunchScreen.storyboard; sourceTree = "<group>"; };
		AAD4882422F4CB8E001AEE7B /* Info.plist */ = {isa = PBXFileReference; lastKnownFileType = text.plist.xml; path = Info.plist; sourceTree = "<group>"; };
		AAD4882922F4CB8F001AEE7B /* ToDoListTests.xctest */ = {isa = PBXFileReference; explicitFileType = wrapper.cfbundle; includeInIndex = 0; path = ToDoListTests.xctest; sourceTree = BUILT_PRODUCTS_DIR; };
		AAD4882D22F4CB8F001AEE7B /* ToDoListTests.swift */ = {isa = PBXFileReference; lastKnownFileType = sourcecode.swift; path = ToDoListTests.swift; sourceTree = "<group>"; };
		AAD4882F22F4CB8F001AEE7B /* Info.plist */ = {isa = PBXFileReference; lastKnownFileType = text.plist.xml; path = Info.plist; sourceTree = "<group>"; };
		AAD4883422F4CB8F001AEE7B /* ToDoListUITests.xctest */ = {isa = PBXFileReference; explicitFileType = wrapper.cfbundle; includeInIndex = 0; path = ToDoListUITests.xctest; sourceTree = BUILT_PRODUCTS_DIR; };
		AAD4883822F4CB8F001AEE7B /* ToDoListUITests.swift */ = {isa = PBXFileReference; lastKnownFileType = sourcecode.swift; path = ToDoListUITests.swift; sourceTree = "<group>"; };
		AAD4883A22F4CB8F001AEE7B /* Info.plist */ = {isa = PBXFileReference; lastKnownFileType = text.plist.xml; path = Info.plist; sourceTree = "<group>"; };
/* End PBXFileReference section */

/* Begin PBXFrameworksBuildPhase section */
		AAD4881022F4CB8C001AEE7B /* Frameworks */ = {
			isa = PBXFrameworksBuildPhase;
			buildActionMask = 2147483647;
			files = (
			);
			runOnlyForDeploymentPostprocessing = 0;
		};
		AAD4882622F4CB8F001AEE7B /* Frameworks */ = {
			isa = PBXFrameworksBuildPhase;
			buildActionMask = 2147483647;
			files = (
			);
			runOnlyForDeploymentPostprocessing = 0;
		};
		AAD4883122F4CB8F001AEE7B /* Frameworks */ = {
			isa = PBXFrameworksBuildPhase;
			buildActionMask = 2147483647;
			files = (
			);
			runOnlyForDeploymentPostprocessing = 0;
		};
/* End PBXFrameworksBuildPhase section */

/* Begin PBXGroup section */
		AAD4880A22F4CB8C001AEE7B = {
			isa = PBXGroup;
			children = (
				AAD4881522F4CB8C001AEE7B /* ToDoList */,
				AAD4882C22F4CB8F001AEE7B /* ToDoListTests */,
				AAD4883722F4CB8F001AEE7B /* ToDoListUITests */,
				AAD4881422F4CB8C001AEE7B /* Products */,
			);
			sourceTree = "<group>";
		};
		AAD4881422F4CB8C001AEE7B /* Products */ = {
			isa = PBXGroup;
			children = (
				AAD4881322F4CB8C001AEE7B /* ToDoList.app */,
				AAD4882922F4CB8F001AEE7B /* ToDoListTests.xctest */,
				AAD4883422F4CB8F001AEE7B /* ToDoListUITests.xctest */,
			);
			name = Products;
			sourceTree = "<group>";
		};
		AAD4881522F4CB8C001AEE7B /* ToDoList */ = {
			isa = PBXGroup;
			children = (
				AAD4881622F4CB8C001AEE7B /* AppDelegate.swift */,
				AAD4881822F4CB8C001AEE7B /* MainNavigationViewController.swift */,
				AAD4881A22F4CB8C001AEE7B /* SecondViewController.swift */,
				AAD4881F22F4CB8E001AEE7B /* Assets.xcassets */,
				AAD4882122F4CB8E001AEE7B /* LaunchScreen.storyboard */,
				AAD4882422F4CB8E001AEE7B /* Info.plist */,
				AA72A92E22F60930006688A2 /* DetailViewController.swift */,
				AA72A93022F60998006688A2 /* AddItemViewController.swift */,
				AA72A93222F60B57006688A2 /* ListViewController.swift */,
			);
			path = ToDoList;
			sourceTree = "<group>";
		};
		AAD4882C22F4CB8F001AEE7B /* ToDoListTests */ = {
			isa = PBXGroup;
			children = (
				AAD4882D22F4CB8F001AEE7B /* ToDoListTests.swift */,
				AAD4882F22F4CB8F001AEE7B /* Info.plist */,
			);
			path = ToDoListTests;
			sourceTree = "<group>";
		};
		AAD4883722F4CB8F001AEE7B /* ToDoListUITests */ = {
			isa = PBXGroup;
			children = (
				AAD4883822F4CB8F001AEE7B /* ToDoListUITests.swift */,
				AAD4883A22F4CB8F001AEE7B /* Info.plist */,
			);
			path = ToDoListUITests;
			sourceTree = "<group>";
		};
/* End PBXGroup section */

/* Begin PBXNativeTarget section */
		AAD4881222F4CB8C001AEE7B /* ToDoList */ = {
			isa = PBXNativeTarget;
			buildConfigurationList = AAD4883D22F4CB8F001AEE7B /* Build configuration list for PBXNativeTarget "ToDoList" */;
			buildPhases = (
				AAD4880F22F4CB8C001AEE7B /* Sources */,
				AAD4881022F4CB8C001AEE7B /* Frameworks */,
				AAD4881122F4CB8C001AEE7B /* Resources */,
			);
			buildRules = (
			);
			dependencies = (
			);
			name = ToDoList;
			productName = ToDoList;
			productReference = AAD4881322F4CB8C001AEE7B /* ToDoList.app */;
			productType = "com.apple.product-type.application";
		};
		AAD4882822F4CB8F001AEE7B /* ToDoListTests */ = {
			isa = PBXNativeTarget;
			buildConfigurationList = AAD4884022F4CB8F001AEE7B /* Build configuration list for PBXNativeTarget "ToDoListTests" */;
			buildPhases = (
				AAD4882522F4CB8F001AEE7B /* Sources */,
				AAD4882622F4CB8F001AEE7B /* Frameworks */,
				AAD4882722F4CB8F001AEE7B /* Resources */,
			);
			buildRules = (
			);
			dependencies = (
				AAD4882B22F4CB8F001AEE7B /* PBXTargetDependency */,
			);
			name = ToDoListTests;
			productName = ToDoListTests;
			productReference = AAD4882922F4CB8F001AEE7B /* ToDoListTests.xctest */;
			productType = "com.apple.product-type.bundle.unit-test";
		};
		AAD4883322F4CB8F001AEE7B /* ToDoListUITests */ = {
			isa = PBXNativeTarget;
			buildConfigurationList = AAD4884322F4CB8F001AEE7B /* Build configuration list for PBXNativeTarget "ToDoListUITests" */;
			buildPhases = (
				AAD4883022F4CB8F001AEE7B /* Sources */,
				AAD4883122F4CB8F001AEE7B /* Frameworks */,
				AAD4883222F4CB8F001AEE7B /* Resources */,
			);
			buildRules = (
			);
			dependencies = (
				AAD4883622F4CB8F001AEE7B /* PBXTargetDependency */,
			);
			name = ToDoListUITests;
			productName = ToDoListUITests;
			productReference = AAD4883422F4CB8F001AEE7B /* ToDoListUITests.xctest */;
			productType = "com.apple.product-type.bundle.ui-testing";
		};
/* End PBXNativeTarget section */

/* Begin PBXProject section */
		AAD4880B22F4CB8C001AEE7B /* Project object */ = {
			isa = PBXProject;
			attributes = {
				LastSwiftUpdateCheck = 1020;
				LastUpgradeCheck = 1020;
				ORGANIZATIONNAME = "Jaroslaw Krawczyk";
				TargetAttributes = {
					AAD4881222F4CB8C001AEE7B = {
						CreatedOnToolsVersion = 10.2.1;
					};
					AAD4882822F4CB8F001AEE7B = {
						CreatedOnToolsVersion = 10.2.1;
						TestTargetID = AAD4881222F4CB8C001AEE7B;
					};
					AAD4883322F4CB8F001AEE7B = {
						CreatedOnToolsVersion = 10.2.1;
						TestTargetID = AAD4881222F4CB8C001AEE7B;
					};
				};
			};
			buildConfigurationList = AAD4880E22F4CB8C001AEE7B /* Build configuration list for PBXProject "ToDoList" */;
			compatibilityVersion = "Xcode 9.3";
			developmentRegion = en;
			hasScannedForEncodings = 0;
			knownRegions = (
				en,
				Base,
			);
			mainGroup = AAD4880A22F4CB8C001AEE7B;
			productRefGroup = AAD4881422F4CB8C001AEE7B /* Products */;
			projectDirPath = "";
			projectRoot = "";
			targets = (
				AAD4881222F4CB8C001AEE7B /* ToDoList */,
				AAD4882822F4CB8F001AEE7B /* ToDoListTests */,
				AAD4883322F4CB8F001AEE7B /* ToDoListUITests */,
			);
		};
/* End PBXProject section */

/* Begin PBXResourcesBuildPhase section */
		AAD4881122F4CB8C001AEE7B /* Resources */ = {
			isa = PBXResourcesBuildPhase;
			buildActionMask = 2147483647;
			files = (
				AAD4882322F4CB8E001AEE7B /* LaunchScreen.storyboard in Resources */,
				AAD4882022F4CB8E001AEE7B /* Assets.xcassets in Resources */,
			);
			runOnlyForDeploymentPostprocessing = 0;
		};
		AAD4882722F4CB8F001AEE7B /* Resources */ = {
			isa = PBXResourcesBuildPhase;
			buildActionMask = 2147483647;
			files = (
			);
			runOnlyForDeploymentPostprocessing = 0;
		};
		AAD4883222F4CB8F001AEE7B /* Resources */ = {
			isa = PBXResourcesBuildPhase;
			buildActionMask = 2147483647;
			files = (
			);
			runOnlyForDeploymentPostprocessing = 0;
		};
/* End PBXResourcesBuildPhase section */

/* Begin PBXSourcesBuildPhase section */
		AAD4880F22F4CB8C001AEE7B /* Sources */ = {
			isa = PBXSourcesBuildPhase;
			buildActionMask = 2147483647;
			files = (
				AA72A93122F60998006688A2 /* AddItemViewController.swift in Sources */,
				AAD4881B22F4CB8C001AEE7B /* SecondViewController.swift in Sources */,
				AA72A93322F60B57006688A2 /* ListViewController.swift in Sources */,
				AAD4881722F4CB8C001AEE7B /* AppDelegate.swift in Sources */,
				AAD4881922F4CB8C001AEE7B /* MainNavigationViewController.swift in Sources */,
				AA72A92F22F60930006688A2 /* DetailViewController.swift in Sources */,
			);
			runOnlyForDeploymentPostprocessing = 0;
		};
		AAD4882522F4CB8F001AEE7B /* Sources */ = {
			isa = PBXSourcesBuildPhase;
			buildActionMask = 2147483647;
			files = (
				AAD4882E22F4CB8F001AEE7B /* ToDoListTests.swift in Sources */,
			);
			runOnlyForDeploymentPostprocessing = 0;
		};
		AAD4883022F4CB8F001AEE7B /* Sources */ = {
			isa = PBXSourcesBuildPhase;
			buildActionMask = 2147483647;
			files = (
				AAD4883922F4CB8F001AEE7B /* ToDoListUITests.swift in Sources */,
			);
			runOnlyForDeploymentPostprocessing = 0;
		};
/* End PBXSourcesBuildPhase section */

/* Begin PBXTargetDependency section */
		AAD4882B22F4CB8F001AEE7B /* PBXTargetDependency */ = {
			isa = PBXTargetDependency;
			target = AAD4881222F4CB8C001AEE7B /* ToDoList */;
			targetProxy = AAD4882A22F4CB8F001AEE7B /* PBXContainerItemProxy */;
		};
		AAD4883622F4CB8F001AEE7B /* PBXTargetDependency */ = {
			isa = PBXTargetDependency;
			target = AAD4881222F4CB8C001AEE7B /* ToDoList */;
			targetProxy = AAD4883522F4CB8F001AEE7B /* PBXContainerItemProxy */;
		};
/* End PBXTargetDependency section */

/* Begin PBXVariantGroup section */
		AAD4882122F4CB8E001AEE7B /* LaunchScreen.storyboard */ = {
			isa = PBXVariantGroup;
			children = (
				AAD4882222F4CB8E001AEE7B /* Base */,
			);
			name = LaunchScreen.storyboard;
			sourceTree = "<group>";
		};
/* End PBXVariantGroup section */

/* Begin XCBuildConfiguration section */
		AAD4883B22F4CB8F001AEE7B /* Debug */ = {
			isa = XCBuildConfiguration;
			buildSettings = {
				ALWAYS_SEARCH_USER_PATHS = NO;
				CLANG_ANALYZER_NONNULL = YES;
				CLANG_ANALYZER_NUMBER_OBJECT_CONVERSION = YES_AGGRESSIVE;
				CLANG_CXX_LANGUAGE_STANDARD = "gnu++14";
				CLANG_CXX_LIBRARY = "libc++";
				CLANG_ENABLE_MODULES = YES;
				CLANG_ENABLE_OBJC_ARC = YES;
				CLANG_ENABLE_OBJC_WEAK = YES;
				CLANG_WARN_BLOCK_CAPTURE_AUTORELEASING = YES;
				CLANG_WARN_BOOL_CONVERSION = YES;
				CLANG_WARN_COMMA = YES;
				CLANG_WARN_CONSTANT_CONVERSION = YES;
				CLANG_WARN_DEPRECATED_OBJC_IMPLEMENTATIONS = YES;
				CLANG_WARN_DIRECT_OBJC_ISA_USAGE = YES_ERROR;
				CLANG_WARN_DOCUMENTATION_COMMENTS = YES;
				CLANG_WARN_EMPTY_BODY = YES;
				CLANG_WARN_ENUM_CONVERSION = YES;
				CLANG_WARN_INFINITE_RECURSION = YES;
				CLANG_WARN_INT_CONVERSION = YES;
				CLANG_WARN_NON_LITERAL_NULL_CONVERSION = YES;
				CLANG_WARN_OBJC_IMPLICIT_RETAIN_SELF = YES;
				CLANG_WARN_OBJC_LITERAL_CONVERSION = YES;
				CLANG_WARN_OBJC_ROOT_CLASS = YES_ERROR;
				CLANG_WARN_RANGE_LOOP_ANALYSIS = YES;
				CLANG_WARN_STRICT_PROTOTYPES = YES;
				CLANG_WARN_SUSPICIOUS_MOVE = YES;
				CLANG_WARN_UNGUARDED_AVAILABILITY = YES_AGGRESSIVE;
				CLANG_WARN_UNREACHABLE_CODE = YES;
				CLANG_WARN__DUPLICATE_METHOD_MATCH = YES;
				CODE_SIGN_IDENTITY = "iPhone Developer";
				COPY_PHASE_STRIP = NO;
				DEBUG_INFORMATION_FORMAT = dwarf;
				ENABLE_STRICT_OBJC_MSGSEND = YES;
				ENABLE_TESTABILITY = YES;
				GCC_C_LANGUAGE_STANDARD = gnu11;
				GCC_DYNAMIC_NO_PIC = NO;
				GCC_NO_COMMON_BLOCKS = YES;
				GCC_OPTIMIZATION_LEVEL = 0;
				GCC_PREPROCESSOR_DEFINITIONS = (
					"DEBUG=1",
					"$(inherited)",
				);
				GCC_WARN_64_TO_32_BIT_CONVERSION = YES;
				GCC_WARN_ABOUT_RETURN_TYPE = YES_ERROR;
				GCC_WARN_UNDECLARED_SELECTOR = YES;
				GCC_WARN_UNINITIALIZED_AUTOS = YES_AGGRESSIVE;
				GCC_WARN_UNUSED_FUNCTION = YES;
				GCC_WARN_UNUSED_VARIABLE = YES;
				IPHONEOS_DEPLOYMENT_TARGET = 12.2;
				MTL_ENABLE_DEBUG_INFO = INCLUDE_SOURCE;
				MTL_FAST_MATH = YES;
				ONLY_ACTIVE_ARCH = YES;
				SDKROOT = iphoneos;
				SWIFT_ACTIVE_COMPILATION_CONDITIONS = DEBUG;
				SWIFT_OPTIMIZATION_LEVEL = "-Onone";
			};
			name = Debug;
		};
		AAD4883C22F4CB8F001AEE7B /* Release */ = {
			isa = XCBuildConfiguration;
			buildSettings = {
				ALWAYS_SEARCH_USER_PATHS = NO;
				CLANG_ANALYZER_NONNULL = YES;
				CLANG_ANALYZER_NUMBER_OBJECT_CONVERSION = YES_AGGRESSIVE;
				CLANG_CXX_LANGUAGE_STANDARD = "gnu++14";
				CLANG_CXX_LIBRARY = "libc++";
				CLANG_ENABLE_MODULES = YES;
				CLANG_ENABLE_OBJC_ARC = YES;
				CLANG_ENABLE_OBJC_WEAK = YES;
				CLANG_WARN_BLOCK_CAPTURE_AUTORELEASING = YES;
				CLANG_WARN_BOOL_CONVERSION = YES;
				CLANG_WARN_COMMA = YES;
				CLANG_WARN_CONSTANT_CONVERSION = YES;
				CLANG_WARN_DEPRECATED_OBJC_IMPLEMENTATIONS = YES;
				CLANG_WARN_DIRECT_OBJC_ISA_USAGE = YES_ERROR;
				CLANG_WARN_DOCUMENTATION_COMMENTS = YES;
				CLANG_WARN_EMPTY_BODY = YES;
				CLANG_WARN_ENUM_CONVERSION = YES;
				CLANG_WARN_INFINITE_RECURSION = YES;
				CLANG_WARN_INT_CONVERSION = YES;
				CLANG_WARN_NON_LITERAL_NULL_CONVERSION = YES;
				CLANG_WARN_OBJC_IMPLICIT_RETAIN_SELF = YES;
				CLANG_WARN_OBJC_LITERAL_CONVERSION = YES;
				CLANG_WARN_OBJC_ROOT_CLASS = YES_ERROR;
				CLANG_WARN_RANGE_LOOP_ANALYSIS = YES;
				CLANG_WARN_STRICT_PROTOTYPES = YES;
				CLANG_WARN_SUSPICIOUS_MOVE = YES;
				CLANG_WARN_UNGUARDED_AVAILABILITY = YES_AGGRESSIVE;
				CLANG_WARN_UNREACHABLE_CODE = YES;
				CLANG_WARN__DUPLICATE_METHOD_MATCH = YES;
				CODE_SIGN_IDENTITY = "iPhone Developer";
				COPY_PHASE_STRIP = NO;
				DEBUG_INFORMATION_FORMAT = "dwarf-with-dsym";
				ENABLE_NS_ASSERTIONS = NO;
				ENABLE_STRICT_OBJC_MSGSEND = YES;
				GCC_C_LANGUAGE_STANDARD = gnu11;
				GCC_NO_COMMON_BLOCKS = YES;
				GCC_WARN_64_TO_32_BIT_CONVERSION = YES;
				GCC_WARN_ABOUT_RETURN_TYPE = YES_ERROR;
				GCC_WARN_UNDECLARED_SELECTOR = YES;
				GCC_WARN_UNINITIALIZED_AUTOS = YES_AGGRESSIVE;
				GCC_WARN_UNUSED_FUNCTION = YES;
				GCC_WARN_UNUSED_VARIABLE = YES;
				IPHONEOS_DEPLOYMENT_TARGET = 12.2;
				MTL_ENABLE_DEBUG_INFO = NO;
				MTL_FAST_MATH = YES;
				SDKROOT = iphoneos;
				SWIFT_COMPILATION_MODE = wholemodule;
				SWIFT_OPTIMIZATION_LEVEL = "-O";
				VALIDATE_PRODUCT = YES;
			};
			name = Release;
		};
		AAD4883E22F4CB8F001AEE7B /* Debug */ = {
			isa = XCBuildConfiguration;
			buildSettings = {
				ASSETCATALOG_COMPILER_APPICON_NAME = AppIcon;
				CODE_SIGN_STYLE = Automatic;
				INFOPLIST_FILE = ToDoList/Info.plist;
				LD_RUNPATH_SEARCH_PATHS = (
					"$(inherited)",
					"@executable_path/Frameworks",
				);
				PRODUCT_BUNDLE_IDENTIFIER = com.lordtaylor.ToDoList;
				PRODUCT_NAME = "$(TARGET_NAME)";
				SWIFT_VERSION = 5.0;
				TARGETED_DEVICE_FAMILY = "1,2";
			};
			name = Debug;
		};
		AAD4883F22F4CB8F001AEE7B /* Release */ = {
			isa = XCBuildConfiguration;
			buildSettings = {
				ASSETCATALOG_COMPILER_APPICON_NAME = AppIcon;
				CODE_SIGN_STYLE = Automatic;
				INFOPLIST_FILE = ToDoList/Info.plist;
				LD_RUNPATH_SEARCH_PATHS = (
					"$(inherited)",
					"@executable_path/Frameworks",
				);
				PRODUCT_BUNDLE_IDENTIFIER = com.lordtaylor.ToDoList;
				PRODUCT_NAME = "$(TARGET_NAME)";
				SWIFT_VERSION = 5.0;
				TARGETED_DEVICE_FAMILY = "1,2";
			};
			name = Release;
		};
		AAD4884122F4CB8F001AEE7B /* Debug */ = {
			isa = XCBuildConfiguration;
			buildSettings = {
				ALWAYS_EMBED_SWIFT_STANDARD_LIBRARIES = YES;
				BUNDLE_LOADER = "$(TEST_HOST)";
				CODE_SIGN_STYLE = Automatic;
				INFOPLIST_FILE = ToDoListTests/Info.plist;
				LD_RUNPATH_SEARCH_PATHS = (
					"$(inherited)",
					"@executable_path/Frameworks",
					"@loader_path/Frameworks",
				);
				PRODUCT_BUNDLE_IDENTIFIER = com.lordtaylor.ToDoListTests;
				PRODUCT_NAME = "$(TARGET_NAME)";
				SWIFT_VERSION = 5.0;
				TARGETED_DEVICE_FAMILY = "1,2";
				TEST_HOST = "$(BUILT_PRODUCTS_DIR)/ToDoList.app/ToDoList";
			};
			name = Debug;
		};
		AAD4884222F4CB8F001AEE7B /* Release */ = {
			isa = XCBuildConfiguration;
			buildSettings = {
				ALWAYS_EMBED_SWIFT_STANDARD_LIBRARIES = YES;
				BUNDLE_LOADER = "$(TEST_HOST)";
				CODE_SIGN_STYLE = Automatic;
				INFOPLIST_FILE = ToDoListTests/Info.plist;
				LD_RUNPATH_SEARCH_PATHS = (
					"$(inherited)",
					"@executable_path/Frameworks",
					"@loader_path/Frameworks",
				);
				PRODUCT_BUNDLE_IDENTIFIER = com.lordtaylor.ToDoListTests;
				PRODUCT_NAME = "$(TARGET_NAME)";
				SWIFT_VERSION = 5.0;
				TARGETED_DEVICE_FAMILY = "1,2";
				TEST_HOST = "$(BUILT_PRODUCTS_DIR)/ToDoList.app/ToDoList";
			};
			name = Release;
		};
		AAD4884422F4CB8F001AEE7B /* Debug */ = {
			isa = XCBuildConfiguration;
			buildSettings = {
				ALWAYS_EMBED_SWIFT_STANDARD_LIBRARIES = YES;
				CODE_SIGN_STYLE = Automatic;
				INFOPLIST_FILE = ToDoListUITests/Info.plist;
				LD_RUNPATH_SEARCH_PATHS = (
					"$(inherited)",
					"@executable_path/Frameworks",
					"@loader_path/Frameworks",
				);
				PRODUCT_BUNDLE_IDENTIFIER = com.lordtaylor.ToDoListUITests;
				PRODUCT_NAME = "$(TARGET_NAME)";
				SWIFT_VERSION = 5.0;
				TARGETED_DEVICE_FAMILY = "1,2";
				TEST_TARGET_NAME = ToDoList;
			};
			name = Debug;
		};
		AAD4884522F4CB8F001AEE7B /* Release */ = {
			isa = XCBuildConfiguration;
			buildSettings = {
				ALWAYS_EMBED_SWIFT_STANDARD_LIBRARIES = YES;
				CODE_SIGN_STYLE = Automatic;
				INFOPLIST_FILE = ToDoListUITests/Info.plist;
				LD_RUNPATH_SEARCH_PATHS = (
					"$(inherited)",
					"@executable_path/Frameworks",
					"@loader_path/Frameworks",
				);
				PRODUCT_BUNDLE_IDENTIFIER = com.lordtaylor.ToDoListUITests;
				PRODUCT_NAME = "$(TARGET_NAME)";
				SWIFT_VERSION = 5.0;
				TARGETED_DEVICE_FAMILY = "1,2";
				TEST_TARGET_NAME = ToDoList;
			};
			name = Release;
		};
/* End XCBuildConfiguration section */

/* Begin XCConfigurationList section */
		AAD4880E22F4CB8C001AEE7B /* Build configuration list for PBXProject "ToDoList" */ = {
			isa = XCConfigurationList;
			buildConfigurations = (
				AAD4883B22F4CB8F001AEE7B /* Debug */,
				AAD4883C22F4CB8F001AEE7B /* Release */,
			);
			defaultConfigurationIsVisible = 0;
			defaultConfigurationName = Release;
		};
		AAD4883D22F4CB8F001AEE7B /* Build configuration list for PBXNativeTarget "ToDoList" */ = {
			isa = XCConfigurationList;
			buildConfigurations = (
				AAD4883E22F4CB8F001AEE7B /* Debug */,
				AAD4883F22F4CB8F001AEE7B /* Release */,
			);
			defaultConfigurationIsVisible = 0;
			defaultConfigurationName = Release;
		};
		AAD4884022F4CB8F001AEE7B /* Build configuration list for PBXNativeTarget "ToDoListTests" */ = {
			isa = XCConfigurationList;
			buildConfigurations = (
				AAD4884122F4CB8F001AEE7B /* Debug */,
				AAD4884222F4CB8F001AEE7B /* Release */,
			);
			defaultConfigurationIsVisible = 0;
			defaultConfigurationName = Release;
		};
		AAD4884322F4CB8F001AEE7B /* Build configuration list for PBXNativeTarget "ToDoListUITests" */ = {
			isa = XCConfigurationList;
			buildConfigurations = (
				AAD4884422F4CB8F001AEE7B /* Debug */,
				AAD4884522F4CB8F001AEE7B /* Release */,
			);
			defaultConfigurationIsVisible = 0;
			defaultConfigurationName = Release;
		};
/* End XCConfigurationList section */
	};
	rootObject = AAD4880B22F4CB8C001AEE7B /* Project object */;
}
